
Microsoft Visual Studio Solution File, Format Version 12.00
# Visual Studio Express 2012 for Windows Desktop
Project("{8BC9CEB8-8B4A-11D0-8D11-00A0C91BC942}") = "server", "server\server.vcxproj", "{41C20C1B-F59E-4BB2-B997-48E3D70DC0BC}"
	ProjectSection(ProjectDependencies) = postProject
		{62519E2C-353D-471D-A049-2F3F5DDF5DCC} = {62519E2C-353D-471D-A049-2F3F5DDF5DCC}
	EndProjectSection
EndProject
Project("{8BC9CEB8-8B4A-11D0-8D11-00A0C91BC942}") = "core", "core\core.vcxproj", "{62519E2C-353D-471D-A049-2F3F5DDF5DCC}"
EndProject
Project("{8BC9CEB8-8B4A-11D0-8D11-00A0C91BC942}") = "client", "client\client.vcxproj", "{0853764F-A9EA-4EC8-BEC9-E524794F445C}"
	ProjectSection(ProjectDependencies) = postProject
		{62519E2C-353D-471D-A049-2F3F5DDF5DCC} = {62519E2C-353D-471D-A049-2F3F5DDF5DCC}
	EndProjectSection
EndProject
Project("{8BC9CEB8-8B4A-11D0-8D11-00A0C91BC942}") = "Coment", "coment\Coment.vcxproj", "{EACED591-60FE-4017-9136-C6BE8C7B4E3D}"
EndProject
Global
	GlobalSection(SolutionConfigurationPlatforms) = preSolution
		Debug|Win32 = Debug|Win32
		Release|Win32 = Release|Win32
	EndGlobalSection
	GlobalSection(ProjectConfigurationPlatforms) = postSolution
		{41C20C1B-F59E-4BB2-B997-48E3D70DC0BC}.Debug|Win32.ActiveCfg = Debug|Win32
		{41C20C1B-F59E-4BB2-B997-48E3D70DC0BC}.Debug|Win32.Build.0 = Debug|Win32
		{41C20C1B-F59E-4BB2-B997-48E3D70DC0BC}.Release|Win32.ActiveCfg = Release|Win32
		{41C20C1B-F59E-4BB2-B997-48E3D70DC0BC}.Release|Win32.Build.0 = Release|Win32
		{62519E2C-353D-471D-A049-2F3F5DDF5DCC}.Debug|Win32.ActiveCfg = Debug|Win32
		{62519E2C-353D-471D-A049-2F3F5DDF5DCC}.Debug|Win32.Build.0 = Debug|Win32
		{62519E2C-353D-471D-A049-2F3F5DDF5DCC}.Release|Win32.ActiveCfg = Release|Win32
		{62519E2C-353D-471D-A049-2F3F5DDF5DCC}.Release|Win32.Build.0 = Release|Win32
		{0853764F-A9EA-4EC8-BEC9-E524794F445C}.Debug|Win32.ActiveCfg = Debug|Win32
		{0853764F-A9EA-4EC8-BEC9-E524794F445C}.Debug|Win32.Build.0 = Debug|Win32
		{0853764F-A9EA-4EC8-BEC9-E524794F445C}.Release|Win32.ActiveCfg = Release|Win32
		{0853764F-A9EA-4EC8-BEC9-E524794F445C}.Release|Win32.Build.0 = Release|Win32
		{EACED591-60FE-4017-9136-C6BE8C7B4E3D}.Debug|Win32.ActiveCfg = Debug|Win32
		{EACED591-60FE-4017-9136-C6BE8C7B4E3D}.Debug|Win32.Build.0 = Debug|Win32
		{EACED591-60FE-4017-9136-C6BE8C7B4E3D}.Release|Win32.ActiveCfg = Release|Win32
		{EACED591-60FE-4017-9136-C6BE8C7B4E3D}.Release|Win32.Build.0 = Release|Win32
	EndGlobalSection
	GlobalSection(SolutionProperties) = preSolution
		HideSolutionNode = FALSE
	EndGlobalSection
EndGlobal
